<?xml version="1.0" encoding="utf-8"?>
<Project ToolsVersion="4.0" xmlns="http://schemas.microsoft.com/developer/msbuild/2003">
  <ItemGroup>
    <Filter Include="Header Files">
      <UniqueIdentifier>{fb8776c4-49ab-4acf-a293-4f3c96fb6cec}</UniqueIdentifier>
    </Filter>
    <Filter Include="Resource Files">
      <UniqueIdentifier>{d36f5725-6bdb-4ca3-a1d3-a73022af97f3}</UniqueIdentifier>
    </Filter>
    <Filter Include="Source Files">
      <UniqueIdentifier>{b4fa4429-b200-4674-b489-729707ea7c46}</UniqueIdentifier>
    </Filter>
  </ItemGroup>
  <ItemGroup>
    <ClCompile Include="AttributeDef.cpp">
      <Filter>Source Files</Filter>
    </ClCompile>
    <ClCompile Include="AttributeRecord.cpp">
      <Filter>Source Files</Filter>
    </ClCompile>
    <ClCompile Include="AttributeType.cpp">
      <Filter>Source Files</Filter>
    </ClCompile>
    <ClCompile Include="Disk.cpp">
      <Filter>Source Files</Filter>
    </ClCompile>
    <ClCompile Include="DiskBoard.cpp">
      <Filter>Source Files</Filter>
    </ClCompile>
    <ClCompile Include="DiskBoardInterface.cpp">
      <Filter>Source Files</Filter>
    </ClCompile>
    <ClCompile Include="FileAttributeFlags.cpp">
      <Filter>Source Files</Filter>
    </ClCompile>
    <ClCompile Include="FileSystem.cpp">
      <Filter>Source Files</Filter>
    </ClCompile>
    <ClCompile Include="FileSystemNTFS.cpp">
      <Filter>Source Files</Filter>
    </ClCompile>
    <ClCompile Include="MFTRecord.cpp">
      <Filter>Source Files</Filter>
    </ClCompile>
    <ClCompile Include="NTFSAttribute.cpp">
      <Filter>Source Files</Filter>
    </ClCompile>
    <ClCompile Include="NTFSCollation.cpp">
      <Filter>Source Files</Filter>
    </ClCompile>
    <ClCompile Include="NTFSRecord.cpp">
      <Filter>Source Files</Filter>
    </ClCompile>
    <ClCompile Include="PartInfo.cpp">
      <Filter>Source Files</Filter>
    </ClCompile>
    <ClCompile Include="Partitioner.cpp">
      <Filter>Source Files</Filter>
    </ClCompile>
    <ClCompile Include="StandInfo.cpp">
      <Filter>Source Files</Filter>
    </ClCompile>
  </ItemGroup>
  <ItemGroup>
    <ClInclude Include="AttributeDef.h">
      <Filter>Header Files</Filter>
    </ClInclude>
    <ClInclude Include="AttributeRecord.h">
      <Filter>Header Files</Filter>
    </ClInclude>
    <ClInclude Include="AttributeType.h">
      <Filter>Header Files</Filter>
    </ClInclude>
    <ClInclude Include="Disk.h">
      <Filter>Header Files</Filter>
    </ClInclude>
    <ClInclude Include="DiskBoard.h">
      <Filter>Header Files</Filter>
    </ClInclude>
    <ClInclude Include="DiskBoardInterface.h">
      <Filter>Header Files</Filter>
    </ClInclude>
    <ClInclude Include="FileAttributeFlags.h">
      <Filter>Header Files</Filter>
    </ClInclude>
    <ClInclude Include="FileSystem.h">
      <Filter>Header Files</Filter>
    </ClInclude>
    <ClInclude Include="FileSystemNTFS.h">
      <Filter>Header Files</Filter>
    </ClInclude>
    <ClInclude Include="MFTRecord.h">
      <Filter>Header Files</Filter>
    </ClInclude>
    <ClInclude Include="NTFSAttribute.h">
      <Filter>Header Files</Filter>
    </ClInclude>
    <ClInclude Include="NTFSCollation.h">
      <Filter>Header Files</Filter>
    </ClInclude>
    <ClInclude Include="NTFSRecord.h">
      <Filter>Header Files</Filter>
    </ClInclude>
    <ClInclude Include="PartInfo.h">
      <Filter>Header Files</Filter>
    </ClInclude>
    <ClInclude Include="Partitioner.h">
      <Filter>Header Files</Filter>
    </ClInclude>
    <ClInclude Include="PartitionTable.h">
      <Filter>Header Files</Filter>
    </ClInclude>
    <ClInclude Include="StandInfo.h">
      <Filter>Header Files</Filter>
    </ClInclude>
  </ItemGroup>
  <ItemGroup>
    <ResourceCompile Include="DiskBoard.rc">
      <Filter>Resource Files</Filter>
    </ResourceCompile>
  </ItemGroup>
  <ItemGroup>
    <None Include="res\DiskBoard.rc2">
      <Filter>Resource Files</Filter>
    </None>
  </ItemGroup>
</Project>